
Microsoft Visual Studio Solution File, Format Version 12.00
# Visual Studio Version 17
VisualStudioVersion = 17.4.33213.308
MinimumVisualStudioVersion = 10.0.40219.1
Project("{FAE04EC0-301F-11D3-BF4B-00C04F79EFBC}") = "Anviz", "Anviz.csproj", "{46C3B094-A365-4FE2-A526-99264C0E923B}"
EndProject
Global
	GlobalSection(SolutionConfigurationPlatforms) = preSolution
		Debug|Any CPU = Debug|Any CPU
		Release|Any CPU = Release|Any CPU
	EndGlobalSection
	GlobalSection(ProjectConfigurationPlatforms) = postSolution
		{46C3B094-A365-4FE2-A526-99264C0E923B}.Debug|Any CPU.ActiveCfg = Debug|Any CPU
		{46C3B094-A365-4FE2-A526-99264C0E923B}.Debug|Any CPU.Build.0 = Debug|Any CPU
		{46C3B094-A365-4FE2-A526-99264C0E923B}.Release|Any CPU.ActiveCfg = Release|Any CPU
		{46C3B094-A365-4FE2-A526-99264C0E923B}.Release|Any CPU.Build.0 = Release|Any CPU
	EndGlobalSection
	GlobalSection(SolutionProperties) = preSolution
		HideSolutionNode = FALSE
	EndGlobalSection
	GlobalSection(ExtensibilityGlobals) = postSolution
		SolutionGuid = {5A55DA3A-4FC0-4656-B652-42D84C91D71A}
	EndGlobalSection
EndGlobal
